
Microsoft Visual Studio Solution File, Format Version 12.00
# Visual Studio Version 16
VisualStudioVersion = 16.0.30503.244
MinimumVisualStudioVersion = 10.0.40219.1
Project("{FAE04EC0-301F-11D3-BF4B-00C04F79EFBC}") = "AudioMerger", "AudioMerger\AudioMerger.csproj", "{DAB90AA1-8918-47E4-A338-4AC6B0B85EC0}"
EndProject
Global
	GlobalSection(SolutionConfigurationPlatforms) = preSolution
		Debug|Any CPU = Debug|Any CPU
		Release|Any CPU = Release|Any CPU
	EndGlobalSection
	GlobalSection(ProjectConfigurationPlatforms) = postSolution
		{DAB90AA1-8918-47E4-A338-4AC6B0B85EC0}.Debug|Any CPU.ActiveCfg = Debug|Any CPU
		{DAB90AA1-8918-47E4-A338-4AC6B0B85EC0}.Debug|Any CPU.Build.0 = Debug|Any CPU
		{DAB90AA1-8918-47E4-A338-4AC6B0B85EC0}.Release|Any CPU.ActiveCfg = Release|Any CPU
		{DAB90AA1-8918-47E4-A338-4AC6B0B85EC0}.Release|Any CPU.Build.0 = Release|Any CPU
	EndGlobalSection
	GlobalSection(SolutionProperties) = preSolution
		HideSolutionNode = FALSE
	EndGlobalSection
	GlobalSection(ExtensibilityGlobals) = postSolution
		SolutionGuid = {14A7FF0A-55E4-4CB0-8AEE-184106131D0E}
	EndGlobalSection
EndGlobal
